
Microsoft Visual Studio Solution File, Format Version 12.00
# Visual Studio Version 17
VisualStudioVersion = 17.3.32922.545
MinimumVisualStudioVersion = 10.0.40219.1
Project("{FAE04EC0-301F-11D3-BF4B-00C04F79EFBC}") = "SimpleApp", "SimpleApp\SimpleApp.csproj", "{180CEFAC-46C8-4EE1-AA4F-E5E6EFF264AE}"
EndProject
Global
	GlobalSection(SolutionConfigurationPlatforms) = preSolution
		Debug|Any CPU = Debug|Any CPU
		Release|Any CPU = Release|Any CPU
	EndGlobalSection
	GlobalSection(ProjectConfigurationPlatforms) = postSolution
		{180CEFAC-46C8-4EE1-AA4F-E5E6EFF264AE}.Debug|Any CPU.ActiveCfg = Debug|Any CPU
		{180CEFAC-46C8-4EE1-AA4F-E5E6EFF264AE}.Debug|Any CPU.Build.0 = Debug|Any CPU
		{180CEFAC-46C8-4EE1-AA4F-E5E6EFF264AE}.Release|Any CPU.ActiveCfg = Release|Any CPU
		{180CEFAC-46C8-4EE1-AA4F-E5E6EFF264AE}.Release|Any CPU.Build.0 = Release|Any CPU
	EndGlobalSection
	GlobalSection(SolutionProperties) = preSolution
		HideSolutionNode = FALSE
	EndGlobalSection
	GlobalSection(ExtensibilityGlobals) = postSolution
		SolutionGuid = {E98BCE33-1270-4AEA-9202-1ECDC0752A39}
	EndGlobalSection
EndGlobal
